
Microsoft Visual Studio Solution File, Format Version 12.00
# Visual Studio Version 16
VisualStudioVersion = 16.0.28803.452
MinimumVisualStudioVersion = 10.0.40219.1
Project("{FAE04EC0-301F-11D3-BF4B-00C04F79EFBC}") = "QuanLyNongTraiLonThit.TangDuLieu", "QuanLyNongTraiLonThit.TangDuLieu\QuanLyNongTraiLonThit.TangDuLieu.csproj", "{654D86B1-54AC-4854-BCD7-2A3CD27FBA45}"
EndProject
Project("{FAE04EC0-301F-11D3-BF4B-00C04F79EFBC}") = "QuanLyNongTraiLonThit.TienIch", "QuanLyNongTraiLonThit.TienIch\QuanLyNongTraiLonThit.TienIch.csproj", "{339E51CE-EF10-4409-99BC-FB2D6F4A6776}"
EndProject
Project("{FAE04EC0-301F-11D3-BF4B-00C04F79EFBC}") = "QuanLyNongTraiLonThit.TangGiaoDien", "QuanLyNongTraiLonThit.TangGiaoDien\QuanLyNongTraiLonThit.TangGiaoDien.csproj", "{73584CB2-F49D-4A25-9C86-3C58F02F0C19}"
EndProject
Global
	GlobalSection(SolutionConfigurationPlatforms) = preSolution
		Debug|Any CPU = Debug|Any CPU
		Release|Any CPU = Release|Any CPU
	EndGlobalSection
	GlobalSection(ProjectConfigurationPlatforms) = postSolution
		{654D86B1-54AC-4854-BCD7-2A3CD27FBA45}.Debug|Any CPU.ActiveCfg = Debug|Any CPU
		{654D86B1-54AC-4854-BCD7-2A3CD27FBA45}.Debug|Any CPU.Build.0 = Debug|Any CPU
		{654D86B1-54AC-4854-BCD7-2A3CD27FBA45}.Release|Any CPU.ActiveCfg = Release|Any CPU
		{654D86B1-54AC-4854-BCD7-2A3CD27FBA45}.Release|Any CPU.Build.0 = Release|Any CPU
		{339E51CE-EF10-4409-99BC-FB2D6F4A6776}.Debug|Any CPU.ActiveCfg = Debug|Any CPU
		{339E51CE-EF10-4409-99BC-FB2D6F4A6776}.Debug|Any CPU.Build.0 = Debug|Any CPU
		{339E51CE-EF10-4409-99BC-FB2D6F4A6776}.Release|Any CPU.ActiveCfg = Release|Any CPU
		{339E51CE-EF10-4409-99BC-FB2D6F4A6776}.Release|Any CPU.Build.0 = Release|Any CPU
		{73584CB2-F49D-4A25-9C86-3C58F02F0C19}.Debug|Any CPU.ActiveCfg = Debug|Any CPU
		{73584CB2-F49D-4A25-9C86-3C58F02F0C19}.Debug|Any CPU.Build.0 = Debug|Any CPU
		{73584CB2-F49D-4A25-9C86-3C58F02F0C19}.Release|Any CPU.ActiveCfg = Release|Any CPU
		{73584CB2-F49D-4A25-9C86-3C58F02F0C19}.Release|Any CPU.Build.0 = Release|Any CPU
	EndGlobalSection
	GlobalSection(SolutionProperties) = preSolution
		HideSolutionNode = FALSE
	EndGlobalSection
	GlobalSection(ExtensibilityGlobals) = postSolution
		SolutionGuid = {F3C7ABB0-5235-4FB5-9671-1A68F2400C92}
	EndGlobalSection
EndGlobal
